
Microsoft Visual Studio Solution File, Format Version 11.00
# Visual Studio 2010
Project("{FAE04EC0-301F-11D3-BF4B-00C04F79EFBC}") = "Assembly-CSharp", "Assembly-CSharp.csproj", "{87fd05a4-076f-2454-461d-9f1e8ac1c635}"
EndProject
Project("{FAE04EC0-301F-11D3-BF4B-00C04F79EFBC}") = "Assembly-CSharp-Editor", "Assembly-CSharp-Editor.csproj", "{44af7477-b20c-4ff4-2fa0-860f15c6ff87}"
EndProject
Global
	GlobalSection(SolutionConfigurationPlatforms) = preSolution
		Debug|Any CPU = Debug|Any CPU
	EndGlobalSection
	GlobalSection(ProjectConfigurationPlatforms) = postSolution
		{87fd05a4-076f-2454-461d-9f1e8ac1c635}.Debug|Any CPU.ActiveCfg = Debug|Any CPU
		{87fd05a4-076f-2454-461d-9f1e8ac1c635}.Debug|Any CPU.Build.0 = Debug|Any CPU
		{44af7477-b20c-4ff4-2fa0-860f15c6ff87}.Debug|Any CPU.ActiveCfg = Debug|Any CPU
		{44af7477-b20c-4ff4-2fa0-860f15c6ff87}.Debug|Any CPU.Build.0 = Debug|Any CPU
	EndGlobalSection
	GlobalSection(SolutionProperties) = preSolution
		HideSolutionNode = FALSE
	EndGlobalSection
EndGlobal
