
Microsoft Visual Studio Solution File, Format Version 11.00
# Visual Studio 2010
Project("{FAE04EC0-301F-11D3-BF4B-00C04F79EFBC}") = "Assembly-CSharp", "Assembly-CSharp.csproj", "{34a1f989-3355-7084-3785-8bc3eda37724}"
EndProject
Project("{FAE04EC0-301F-11D3-BF4B-00C04F79EFBC}") = "Assembly-CSharp-Editor", "Assembly-CSharp-Editor.csproj", "{5bb4a4bd-0d07-3f51-a3b1-acf5aec684be}"
EndProject
Global
	GlobalSection(SolutionConfigurationPlatforms) = preSolution
		Debug|Any CPU = Debug|Any CPU
	EndGlobalSection
	GlobalSection(ProjectConfigurationPlatforms) = postSolution
		{34a1f989-3355-7084-3785-8bc3eda37724}.Debug|Any CPU.ActiveCfg = Debug|Any CPU
		{34a1f989-3355-7084-3785-8bc3eda37724}.Debug|Any CPU.Build.0 = Debug|Any CPU
		{5bb4a4bd-0d07-3f51-a3b1-acf5aec684be}.Debug|Any CPU.ActiveCfg = Debug|Any CPU
		{5bb4a4bd-0d07-3f51-a3b1-acf5aec684be}.Debug|Any CPU.Build.0 = Debug|Any CPU
	EndGlobalSection
	GlobalSection(SolutionProperties) = preSolution
		HideSolutionNode = FALSE
	EndGlobalSection
EndGlobal
